// !$*UTF8*$!
{
	archiveVersion = 1;
	classes = {
	};
	objectVersion = 51;
	objects = {

/* Begin PBXBuildFile section */
		0DF57628E7F4A848C447A565 /* Pods_QuizApp.framework in Frameworks */ = {isa = PBXBuildFile; fileRef = 9F9E41B1FD327762F016B37C /* Pods_QuizApp.framework */; };
		FF5931F9248E2DA4000B1FD7 /* QuizCell.swift in Sources */ = {isa = PBXBuildFile; fileRef = FF5931F8248E2DA4000B1FD7 /* QuizCell.swift */; };
		FF5931FD248E32B8000B1FD7 /* QuizTableViewController.swift in Sources */ = {isa = PBXBuildFile; fileRef = FF5931FC248E32B8000B1FD7 /* QuizTableViewController.swift */; };
		FF5931FF248E78E5000B1FD7 /* QuizzesTableSectionHeader.swift in Sources */ = {isa = PBXBuildFile; fileRef = FF5931FE248E78E5000B1FD7 /* QuizzesTableSectionHeader.swift */; };
		FF593201248E82F5000B1FD7 /* StringExtension.swift in Sources */ = {isa = PBXBuildFile; fileRef = FF593200248E82F5000B1FD7 /* StringExtension.swift */; };
		FF593204248E9F75000B1FD7 /* APIKeyWord.swift in Sources */ = {isa = PBXBuildFile; fileRef = FF593203248E9F75000B1FD7 /* APIKeyWord.swift */; };
		FF593206248EAAF4000B1FD7 /* LogoutTableViewFooter.swift in Sources */ = {isa = PBXBuildFile; fileRef = FF593205248EAAF4000B1FD7 /* LogoutTableViewFooter.swift */; };
		FF59320E248EBEEB000B1FD7 /* StartQuizViewController.swift in Sources */ = {isa = PBXBuildFile; fileRef = FF59320D248EBEEB000B1FD7 /* StartQuizViewController.swift */; };
		FF593211248EBFAA000B1FD7 /* QuizView.swift in Sources */ = {isa = PBXBuildFile; fileRef = FF593210248EBFAA000B1FD7 /* QuizView.swift */; };
		FF84A0ED24546494005D1E21 /* AppDelegate.swift in Sources */ = {isa = PBXBuildFile; fileRef = FF84A0EC24546494005D1E21 /* AppDelegate.swift */; };
		FF84A0F124546494005D1E21 /* LoginViewController.swift in Sources */ = {isa = PBXBuildFile; fileRef = FF84A0F024546494005D1E21 /* LoginViewController.swift */; };
		FF84A0F624546498005D1E21 /* Assets.xcassets in Resources */ = {isa = PBXBuildFile; fileRef = FF84A0F524546498005D1E21 /* Assets.xcassets */; };
		FF84A10524546755005D1E21 /* LoginView.swift in Sources */ = {isa = PBXBuildFile; fileRef = FF84A10424546755005D1E21 /* LoginView.swift */; };
		FF9C8421248FD7F40098FA96 /* QuestionView.swift in Sources */ = {isa = PBXBuildFile; fileRef = FF9C8420248FD7F40098FA96 /* QuestionView.swift */; };
		FF9C8423248FE1190098FA96 /* ScrollabeQuizViewController.swift in Sources */ = {isa = PBXBuildFile; fileRef = FF9C8422248FE1190098FA96 /* ScrollabeQuizViewController.swift */; };
		FF9C8425248FE1890098FA96 /* ScrollableQuizView.swift in Sources */ = {isa = PBXBuildFile; fileRef = FF9C8424248FE1890098FA96 /* ScrollableQuizView.swift */; };
		FFA11FF1246884F6007C6F7D /* QuizViewController.swift in Sources */ = {isa = PBXBuildFile; fileRef = FFA11FF0246884F6007C6F7D /* QuizViewController.swift */; };
		FFA11FF32468859D007C6F7D /* MainQuizView.swift in Sources */ = {isa = PBXBuildFile; fileRef = FFA11FF22468859D007C6F7D /* MainQuizView.swift */; };
		FFA11FF5246887D2007C6F7D /* UIButtonExtension.swift in Sources */ = {isa = PBXBuildFile; fileRef = FFA11FF4246887D2007C6F7D /* UIButtonExtension.swift */; };
		FFA11FF724689A69007C6F7D /* QuizAPI.swift in Sources */ = {isa = PBXBuildFile; fileRef = FFA11FF624689A69007C6F7D /* QuizAPI.swift */; };
		FFA11FF924689ADE007C6F7D /* Quizzes.swift in Sources */ = {isa = PBXBuildFile; fileRef = FFA11FF824689ADE007C6F7D /* Quizzes.swift */; };
		FFA11FFB24689B36007C6F7D /* Question.swift in Sources */ = {isa = PBXBuildFile; fileRef = FFA11FFA24689B36007C6F7D /* Question.swift */; };
		FFA11FFD24689BBF007C6F7D /* Quiz.swift in Sources */ = {isa = PBXBuildFile; fileRef = FFA11FFC24689BBF007C6F7D /* Quiz.swift */; };
		FFA11FFF2468B0BF007C6F7D /* CustomQuizView.swift in Sources */ = {isa = PBXBuildFile; fileRef = FFA11FFE2468B0BF007C6F7D /* CustomQuizView.swift */; };
		FFC0213B246B3B2B003C68AE /* TabBarController.swift in Sources */ = {isa = PBXBuildFile; fileRef = FFC0213A246B3B2B003C68AE /* TabBarController.swift */; };
		FFC0213D246B42CA003C68AE /* SearchViewController.swift in Sources */ = {isa = PBXBuildFile; fileRef = FFC0213C246B42CA003C68AE /* SearchViewController.swift */; };
		FFC0213F246B4305003C68AE /* SettingsViewController.swift in Sources */ = {isa = PBXBuildFile; fileRef = FFC0213E246B4305003C68AE /* SettingsViewController.swift */; };
		FFD645FB2461B48B001769E0 /* UIViewControllerExtension.swift in Sources */ = {isa = PBXBuildFile; fileRef = FFD645FA2461B48B001769E0 /* UIViewControllerExtension.swift */; };
		FFD645FD2461CBEA001769E0 /* LaunchScreen.storyboard in Resources */ = {isa = PBXBuildFile; fileRef = FFD645FC2461CBEA001769E0 /* LaunchScreen.storyboard */; };
		FFD6460124620881001769E0 /* UITextFieldExtension.swift in Sources */ = {isa = PBXBuildFile; fileRef = FFD6460024620881001769E0 /* UITextFieldExtension.swift */; };
		FFD6460324620C5E001769E0 /* Token.swift in Sources */ = {isa = PBXBuildFile; fileRef = FFD6460224620C5E001769E0 /* Token.swift */; };
		FFD646052462E2FE001769E0 /* LoginAPI.swift in Sources */ = {isa = PBXBuildFile; fileRef = FFD646042462E2FE001769E0 /* LoginAPI.swift */; };
		FFED7A5D249052B0006B1192 /* Result.swift in Sources */ = {isa = PBXBuildFile; fileRef = FFED7A5C249052B0006B1192 /* Result.swift */; };
		FFED7A61249054B1006B1192 /* ServerResponse.swift in Sources */ = {isa = PBXBuildFile; fileRef = FFED7A60249054B1006B1192 /* ServerResponse.swift */; };
/* End PBXBuildFile section */

/* Begin PBXFileReference section */
		91482F4790CA92A3E4EEAB07 /* Pods-QuizApp.debug.xcconfig */ = {isa = PBXFileReference; includeInIndex = 1; lastKnownFileType = text.xcconfig; name = "Pods-QuizApp.debug.xcconfig"; path = "Target Support Files/Pods-QuizApp/Pods-QuizApp.debug.xcconfig"; sourceTree = "<group>"; };
		9F9E41B1FD327762F016B37C /* Pods_QuizApp.framework */ = {isa = PBXFileReference; explicitFileType = wrapper.framework; includeInIndex = 0; path = Pods_QuizApp.framework; sourceTree = BUILT_PRODUCTS_DIR; };
		FE19BE61B7ECFE582EB67664 /* Pods-QuizApp.release.xcconfig */ = {isa = PBXFileReference; includeInIndex = 1; lastKnownFileType = text.xcconfig; name = "Pods-QuizApp.release.xcconfig"; path = "Target Support Files/Pods-QuizApp/Pods-QuizApp.release.xcconfig"; sourceTree = "<group>"; };
		FF5931F8248E2DA4000B1FD7 /* QuizCell.swift */ = {isa = PBXFileReference; lastKnownFileType = sourcecode.swift; path = QuizCell.swift; sourceTree = "<group>"; };
		FF5931FC248E32B8000B1FD7 /* QuizTableViewController.swift */ = {isa = PBXFileReference; lastKnownFileType = sourcecode.swift; path = QuizTableViewController.swift; sourceTree = "<group>"; };
		FF5931FE248E78E5000B1FD7 /* QuizzesTableSectionHeader.swift */ = {isa = PBXFileReference; lastKnownFileType = sourcecode.swift; path = QuizzesTableSectionHeader.swift; sourceTree = "<group>"; };
		FF593200248E82F5000B1FD7 /* StringExtension.swift */ = {isa = PBXFileReference; lastKnownFileType = sourcecode.swift; path = StringExtension.swift; sourceTree = "<group>"; };
		FF593203248E9F75000B1FD7 /* APIKeyWord.swift */ = {isa = PBXFileReference; lastKnownFileType = sourcecode.swift; path = APIKeyWord.swift; sourceTree = "<group>"; };
		FF593205248EAAF4000B1FD7 /* LogoutTableViewFooter.swift */ = {isa = PBXFileReference; lastKnownFileType = sourcecode.swift; path = LogoutTableViewFooter.swift; sourceTree = "<group>"; };
		FF59320D248EBEEB000B1FD7 /* StartQuizViewController.swift */ = {isa = PBXFileReference; lastKnownFileType = sourcecode.swift; path = StartQuizViewController.swift; sourceTree = "<group>"; };
		FF593210248EBFAA000B1FD7 /* QuizView.swift */ = {isa = PBXFileReference; lastKnownFileType = sourcecode.swift; path = QuizView.swift; sourceTree = "<group>"; };
		FF84A0E924546494005D1E21 /* QuizApp.app */ = {isa = PBXFileReference; explicitFileType = wrapper.application; includeInIndex = 0; path = QuizApp.app; sourceTree = BUILT_PRODUCTS_DIR; };
		FF84A0EC24546494005D1E21 /* AppDelegate.swift */ = {isa = PBXFileReference; lastKnownFileType = sourcecode.swift; path = AppDelegate.swift; sourceTree = "<group>"; };
		FF84A0F024546494005D1E21 /* LoginViewController.swift */ = {isa = PBXFileReference; lastKnownFileType = sourcecode.swift; path = LoginViewController.swift; sourceTree = "<group>"; };
		FF84A0F524546498005D1E21 /* Assets.xcassets */ = {isa = PBXFileReference; lastKnownFileType = folder.assetcatalog; path = Assets.xcassets; sourceTree = "<group>"; };
		FF84A0FA24546498005D1E21 /* Info.plist */ = {isa = PBXFileReference; lastKnownFileType = text.plist.xml; path = Info.plist; sourceTree = "<group>"; };
		FF84A10424546755005D1E21 /* LoginView.swift */ = {isa = PBXFileReference; lastKnownFileType = sourcecode.swift; path = LoginView.swift; sourceTree = "<group>"; };
		FF9C8420248FD7F40098FA96 /* QuestionView.swift */ = {isa = PBXFileReference; lastKnownFileType = sourcecode.swift; path = QuestionView.swift; sourceTree = "<group>"; };
		FF9C8422248FE1190098FA96 /* ScrollabeQuizViewController.swift */ = {isa = PBXFileReference; lastKnownFileType = sourcecode.swift; path = ScrollabeQuizViewController.swift; sourceTree = "<group>"; };
		FF9C8424248FE1890098FA96 /* ScrollableQuizView.swift */ = {isa = PBXFileReference; lastKnownFileType = sourcecode.swift; path = ScrollableQuizView.swift; sourceTree = "<group>"; };
		FFA11FF0246884F6007C6F7D /* QuizViewController.swift */ = {isa = PBXFileReference; lastKnownFileType = sourcecode.swift; path = QuizViewController.swift; sourceTree = "<group>"; };
		FFA11FF22468859D007C6F7D /* MainQuizView.swift */ = {isa = PBXFileReference; lastKnownFileType = sourcecode.swift; path = MainQuizView.swift; sourceTree = "<group>"; };
		FFA11FF4246887D2007C6F7D /* UIButtonExtension.swift */ = {isa = PBXFileReference; lastKnownFileType = sourcecode.swift; path = UIButtonExtension.swift; sourceTree = "<group>"; };
		FFA11FF624689A69007C6F7D /* QuizAPI.swift */ = {isa = PBXFileReference; lastKnownFileType = sourcecode.swift; path = QuizAPI.swift; sourceTree = "<group>"; };
		FFA11FF824689ADE007C6F7D /* Quizzes.swift */ = {isa = PBXFileReference; lastKnownFileType = sourcecode.swift; path = Quizzes.swift; sourceTree = "<group>"; };
		FFA11FFA24689B36007C6F7D /* Question.swift */ = {isa = PBXFileReference; lastKnownFileType = sourcecode.swift; path = Question.swift; sourceTree = "<group>"; };
		FFA11FFC24689BBF007C6F7D /* Quiz.swift */ = {isa = PBXFileReference; lastKnownFileType = sourcecode.swift; path = Quiz.swift; sourceTree = "<group>"; };
		FFA11FFE2468B0BF007C6F7D /* CustomQuizView.swift */ = {isa = PBXFileReference; lastKnownFileType = sourcecode.swift; path = CustomQuizView.swift; sourceTree = "<group>"; };
		FFC0213A246B3B2B003C68AE /* TabBarController.swift */ = {isa = PBXFileReference; lastKnownFileType = sourcecode.swift; path = TabBarController.swift; sourceTree = "<group>"; };
		FFC0213C246B42CA003C68AE /* SearchViewController.swift */ = {isa = PBXFileReference; lastKnownFileType = sourcecode.swift; path = SearchViewController.swift; sourceTree = "<group>"; };
		FFC0213E246B4305003C68AE /* SettingsViewController.swift */ = {isa = PBXFileReference; lastKnownFileType = sourcecode.swift; path = SettingsViewController.swift; sourceTree = "<group>"; };
		FFD645FA2461B48B001769E0 /* UIViewControllerExtension.swift */ = {isa = PBXFileReference; lastKnownFileType = sourcecode.swift; path = UIViewControllerExtension.swift; sourceTree = "<group>"; };
		FFD645FC2461CBEA001769E0 /* LaunchScreen.storyboard */ = {isa = PBXFileReference; lastKnownFileType = file.storyboard; path = LaunchScreen.storyboard; sourceTree = "<group>"; };
		FFD6460024620881001769E0 /* UITextFieldExtension.swift */ = {isa = PBXFileReference; lastKnownFileType = sourcecode.swift; path = UITextFieldExtension.swift; sourceTree = "<group>"; };
		FFD6460224620C5E001769E0 /* Token.swift */ = {isa = PBXFileReference; lastKnownFileType = sourcecode.swift; path = Token.swift; sourceTree = "<group>"; };
		FFD646042462E2FE001769E0 /* LoginAPI.swift */ = {isa = PBXFileReference; lastKnownFileType = sourcecode.swift; path = LoginAPI.swift; sourceTree = "<group>"; };
		FFED7A5C249052B0006B1192 /* Result.swift */ = {isa = PBXFileReference; lastKnownFileType = sourcecode.swift; path = Result.swift; sourceTree = "<group>"; };
		FFED7A60249054B1006B1192 /* ServerResponse.swift */ = {isa = PBXFileReference; lastKnownFileType = sourcecode.swift; path = ServerResponse.swift; sourceTree = "<group>"; };
/* End PBXFileReference section */

/* Begin PBXFrameworksBuildPhase section */
		FF84A0E624546494005D1E21 /* Frameworks */ = {
			isa = PBXFrameworksBuildPhase;
			buildActionMask = 2147483647;
			files = (
				0DF57628E7F4A848C447A565 /* Pods_QuizApp.framework in Frameworks */,
			);
			runOnlyForDeploymentPostprocessing = 0;
		};
/* End PBXFrameworksBuildPhase section */

/* Begin PBXGroup section */
		030E941B075BDDB797AEAD8E /* Pods */ = {
			isa = PBXGroup;
			children = (
				91482F4790CA92A3E4EEAB07 /* Pods-QuizApp.debug.xcconfig */,
				FE19BE61B7ECFE582EB67664 /* Pods-QuizApp.release.xcconfig */,
			);
			path = Pods;
			sourceTree = "<group>";
		};
		DEE6E65E43FAEC719C7FD49F /* Frameworks */ = {
			isa = PBXGroup;
			children = (
				9F9E41B1FD327762F016B37C /* Pods_QuizApp.framework */,
			);
			name = Frameworks;
			sourceTree = "<group>";
		};
		FF593202248E9F59000B1FD7 /* Constants */ = {
			isa = PBXGroup;
			children = (
				FF593203248E9F75000B1FD7 /* APIKeyWord.swift */,
			);
			path = Constants;
			sourceTree = "<group>";
		};
		FF593207248EB710000B1FD7 /* QuizTableView */ = {
			isa = PBXGroup;
			children = (
				FF5931F8248E2DA4000B1FD7 /* QuizCell.swift */,
				FF5931FE248E78E5000B1FD7 /* QuizzesTableSectionHeader.swift */,
				FF593205248EAAF4000B1FD7 /* LogoutTableViewFooter.swift */,
			);
			path = QuizTableView;
			sourceTree = "<group>";
		};
		FF593208248EB72D000B1FD7 /* LoginView */ = {
			isa = PBXGroup;
			children = (
				FF84A10424546755005D1E21 /* LoginView.swift */,
			);
			path = LoginView;
			sourceTree = "<group>";
		};
		FF593209248EB749000B1FD7 /* QuizViewControllers */ = {
			isa = PBXGroup;
			children = (
				FF5931FC248E32B8000B1FD7 /* QuizTableViewController.swift */,
				FF59320D248EBEEB000B1FD7 /* StartQuizViewController.swift */,
				FF9C8422248FE1190098FA96 /* ScrollabeQuizViewController.swift */,
			);
			path = QuizViewControllers;
			sourceTree = "<group>";
		};
		FF59320A248EB758000B1FD7 /* LoginVC */ = {
			isa = PBXGroup;
			children = (
				FF84A0F024546494005D1E21 /* LoginViewController.swift */,
			);
			path = LoginVC;
			sourceTree = "<group>";
		};
		FF59320B248EB763000B1FD7 /* SearchVC */ = {
			isa = PBXGroup;
			children = (
				FFC0213C246B42CA003C68AE /* SearchViewController.swift */,
			);
			path = SearchVC;
			sourceTree = "<group>";
		};
		FF59320C248EB786000B1FD7 /* SettingsVC */ = {
			isa = PBXGroup;
			children = (
				FFC0213E246B4305003C68AE /* SettingsViewController.swift */,
			);
			path = SettingsVC;
			sourceTree = "<group>";
		};
		FF59320F248EBF91000B1FD7 /* QuizView */ = {
			isa = PBXGroup;
			children = (
				FF593210248EBFAA000B1FD7 /* QuizView.swift */,
				FF9C8420248FD7F40098FA96 /* QuestionView.swift */,
				FF9C8424248FE1890098FA96 /* ScrollableQuizView.swift */,
			);
			path = QuizView;
			sourceTree = "<group>";
		};
		FF84A0E024546494005D1E21 = {
			isa = PBXGroup;
			children = (
				FF84A0EB24546494005D1E21 /* QuizApp */,
				FF84A0EA24546494005D1E21 /* Products */,
				030E941B075BDDB797AEAD8E /* Pods */,
				DEE6E65E43FAEC719C7FD49F /* Frameworks */,
			);
			sourceTree = "<group>";
		};
		FF84A0EA24546494005D1E21 /* Products */ = {
			isa = PBXGroup;
			children = (
				FF84A0E924546494005D1E21 /* QuizApp.app */,
			);
			name = Products;
			sourceTree = "<group>";
		};
		FF84A0EB24546494005D1E21 /* QuizApp */ = {
			isa = PBXGroup;
			children = (
				FF593202248E9F59000B1FD7 /* Constants */,
				FFD645F92461B466001769E0 /* Extension */,
				FF84A103245466B8005D1E21 /* Services */,
				FF84A102245466B0005D1E21 /* Models */,
				FF84A10124546699005D1E21 /* Controllers */,
				FF84A1002454668E005D1E21 /* Views */,
				FF84A0EC24546494005D1E21 /* AppDelegate.swift */,
				FF84A0F524546498005D1E21 /* Assets.xcassets */,
				FF84A0FA24546498005D1E21 /* Info.plist */,
				FFD645FC2461CBEA001769E0 /* LaunchScreen.storyboard */,
			);
			path = QuizApp;
			sourceTree = "<group>";
		};
		FF84A1002454668E005D1E21 /* Views */ = {
			isa = PBXGroup;
			children = (
				FF59320F248EBF91000B1FD7 /* QuizView */,
				FF593208248EB72D000B1FD7 /* LoginView */,
				FF593207248EB710000B1FD7 /* QuizTableView */,
				FFA11FF22468859D007C6F7D /* MainQuizView.swift */,
				FFA11FFE2468B0BF007C6F7D /* CustomQuizView.swift */,
			);
			path = Views;
			sourceTree = "<group>";
		};
		FF84A10124546699005D1E21 /* Controllers */ = {
			isa = PBXGroup;
			children = (
				FF59320C248EB786000B1FD7 /* SettingsVC */,
				FF59320B248EB763000B1FD7 /* SearchVC */,
				FF59320A248EB758000B1FD7 /* LoginVC */,
				FF593209248EB749000B1FD7 /* QuizViewControllers */,
				FFC0213A246B3B2B003C68AE /* TabBarController.swift */,
				FFA11FF0246884F6007C6F7D /* QuizViewController.swift */,
			);
			path = Controllers;
			sourceTree = "<group>";
		};
		FF84A102245466B0005D1E21 /* Models */ = {
			isa = PBXGroup;
			children = (
				FFD6460224620C5E001769E0 /* Token.swift */,
				FFA11FFA24689B36007C6F7D /* Question.swift */,
				FFA11FFC24689BBF007C6F7D /* Quiz.swift */,
				FFA11FF824689ADE007C6F7D /* Quizzes.swift */,
				FFED7A5C249052B0006B1192 /* Result.swift */,
				FFED7A60249054B1006B1192 /* ServerResponse.swift */,
			);
			path = Models;
			sourceTree = "<group>";
		};
		FF84A103245466B8005D1E21 /* Services */ = {
			isa = PBXGroup;
			children = (
				FFD646042462E2FE001769E0 /* LoginAPI.swift */,
				FFA11FF624689A69007C6F7D /* QuizAPI.swift */,
			);
			path = Services;
			sourceTree = "<group>";
		};
		FFD645F92461B466001769E0 /* Extension */ = {
			isa = PBXGroup;
			children = (
				FFD645FA2461B48B001769E0 /* UIViewControllerExtension.swift */,
				FFD6460024620881001769E0 /* UITextFieldExtension.swift */,
				FFA11FF4246887D2007C6F7D /* UIButtonExtension.swift */,
				FF593200248E82F5000B1FD7 /* StringExtension.swift */,
			);
			path = Extension;
			sourceTree = "<group>";
		};
/* End PBXGroup section */

/* Begin PBXNativeTarget section */
		FF84A0E824546494005D1E21 /* QuizApp */ = {
			isa = PBXNativeTarget;
			buildConfigurationList = FF84A0FD24546498005D1E21 /* Build configuration list for PBXNativeTarget "QuizApp" */;
			buildPhases = (
				01BBDFE86440872723F08ED1 /* [CP] Check Pods Manifest.lock */,
				FF84A0E524546494005D1E21 /* Sources */,
				FF84A0E624546494005D1E21 /* Frameworks */,
				FF84A0E724546494005D1E21 /* Resources */,
				A2BC0EE1F4FC359E3656377A /* [CP] Embed Pods Frameworks */,
			);
			buildRules = (
			);
			dependencies = (
			);
			name = QuizApp;
			productName = QuizApp;
			productReference = FF84A0E924546494005D1E21 /* QuizApp.app */;
			productType = "com.apple.product-type.application";
		};
/* End PBXNativeTarget section */

/* Begin PBXProject section */
		FF84A0E124546494005D1E21 /* Project object */ = {
			isa = PBXProject;
			attributes = {
				LastSwiftUpdateCheck = 1140;
				LastUpgradeCheck = 1140;
				ORGANIZATIONNAME = "Domagoj Kolaric";
				TargetAttributes = {
					FF84A0E824546494005D1E21 = {
						CreatedOnToolsVersion = 11.4.1;
					};
				};
			};
			buildConfigurationList = FF84A0E424546494005D1E21 /* Build configuration list for PBXProject "QuizApp" */;
			compatibilityVersion = "Xcode 9.3";
			developmentRegion = en;
			hasScannedForEncodings = 0;
			knownRegions = (
				en,
				Base,
			);
			mainGroup = FF84A0E024546494005D1E21;
			productRefGroup = FF84A0EA24546494005D1E21 /* Products */;
			projectDirPath = "";
			projectRoot = "";
			targets = (
				FF84A0E824546494005D1E21 /* QuizApp */,
			);
		};
/* End PBXProject section */

/* Begin PBXResourcesBuildPhase section */
		FF84A0E724546494005D1E21 /* Resources */ = {
			isa = PBXResourcesBuildPhase;
			buildActionMask = 2147483647;
			files = (
				FF84A0F624546498005D1E21 /* Assets.xcassets in Resources */,
				FFD645FD2461CBEA001769E0 /* LaunchScreen.storyboard in Resources */,
			);
			runOnlyForDeploymentPostprocessing = 0;
		};
/* End PBXResourcesBuildPhase section */

/* Begin PBXShellScriptBuildPhase section */
		01BBDFE86440872723F08ED1 /* [CP] Check Pods Manifest.lock */ = {
			isa = PBXShellScriptBuildPhase;
			buildActionMask = 2147483647;
			files = (
			);
			inputFileListPaths = (
			);
			inputPaths = (
				"${PODS_PODFILE_DIR_PATH}/Podfile.lock",
				"${PODS_ROOT}/Manifest.lock",
			);
			name = "[CP] Check Pods Manifest.lock";
			outputFileListPaths = (
			);
			outputPaths = (
				"$(DERIVED_FILE_DIR)/Pods-QuizApp-checkManifestLockResult.txt",
			);
			runOnlyForDeploymentPostprocessing = 0;
			shellPath = /bin/sh;
			shellScript = "diff \"${PODS_PODFILE_DIR_PATH}/Podfile.lock\" \"${PODS_ROOT}/Manifest.lock\" > /dev/null\nif [ $? != 0 ] ; then\n    # print error to STDERR\n    echo \"error: The sandbox is not in sync with the Podfile.lock. Run 'pod install' or update your CocoaPods installation.\" >&2\n    exit 1\nfi\n# This output is used by Xcode 'outputs' to avoid re-running this script phase.\necho \"SUCCESS\" > \"${SCRIPT_OUTPUT_FILE_0}\"\n";
			showEnvVarsInLog = 0;
		};
		A2BC0EE1F4FC359E3656377A /* [CP] Embed Pods Frameworks */ = {
			isa = PBXShellScriptBuildPhase;
			buildActionMask = 2147483647;
			files = (
			);
			inputFileListPaths = (
				"${PODS_ROOT}/Target Support Files/Pods-QuizApp/Pods-QuizApp-frameworks-${CONFIGURATION}-input-files.xcfilelist",
			);
			name = "[CP] Embed Pods Frameworks";
			outputFileListPaths = (
				"${PODS_ROOT}/Target Support Files/Pods-QuizApp/Pods-QuizApp-frameworks-${CONFIGURATION}-output-files.xcfilelist",
			);
			runOnlyForDeploymentPostprocessing = 0;
			shellPath = /bin/sh;
			shellScript = "\"${PODS_ROOT}/Target Support Files/Pods-QuizApp/Pods-QuizApp-frameworks.sh\"\n";
			showEnvVarsInLog = 0;
		};
/* End PBXShellScriptBuildPhase section */

/* Begin PBXSourcesBuildPhase section */
		FF84A0E524546494005D1E21 /* Sources */ = {
			isa = PBXSourcesBuildPhase;
			buildActionMask = 2147483647;
			files = (
				FFA11FF724689A69007C6F7D /* QuizAPI.swift in Sources */,
				FF9C8423248FE1190098FA96 /* ScrollabeQuizViewController.swift in Sources */,
				FF59320E248EBEEB000B1FD7 /* StartQuizViewController.swift in Sources */,
				FFC0213B246B3B2B003C68AE /* TabBarController.swift in Sources */,
				FF593206248EAAF4000B1FD7 /* LogoutTableViewFooter.swift in Sources */,
				FFD645FB2461B48B001769E0 /* UIViewControllerExtension.swift in Sources */,
				FFED7A5D249052B0006B1192 /* Result.swift in Sources */,
				FF593204248E9F75000B1FD7 /* APIKeyWord.swift in Sources */,
				FFC0213D246B42CA003C68AE /* SearchViewController.swift in Sources */,
				FF9C8421248FD7F40098FA96 /* QuestionView.swift in Sources */,
				FF5931FD248E32B8000B1FD7 /* QuizTableViewController.swift in Sources */,
				FFA11FFD24689BBF007C6F7D /* Quiz.swift in Sources */,
				FFA11FF5246887D2007C6F7D /* UIButtonExtension.swift in Sources */,
				FFD6460324620C5E001769E0 /* Token.swift in Sources */,
				FFD6460124620881001769E0 /* UITextFieldExtension.swift in Sources */,
				FFA11FF1246884F6007C6F7D /* QuizViewController.swift in Sources */,
				FF84A10524546755005D1E21 /* LoginView.swift in Sources */,
				FFA11FF32468859D007C6F7D /* MainQuizView.swift in Sources */,
				FF5931FF248E78E5000B1FD7 /* QuizzesTableSectionHeader.swift in Sources */,
				FFA11FFB24689B36007C6F7D /* Question.swift in Sources */,
				FF593211248EBFAA000B1FD7 /* QuizView.swift in Sources */,
				FFD646052462E2FE001769E0 /* LoginAPI.swift in Sources */,
				FF84A0F124546494005D1E21 /* LoginViewController.swift in Sources */,
				FF5931F9248E2DA4000B1FD7 /* QuizCell.swift in Sources */,
				FF84A0ED24546494005D1E21 /* AppDelegate.swift in Sources */,
				FFED7A61249054B1006B1192 /* ServerResponse.swift in Sources */,
				FFA11FF924689ADE007C6F7D /* Quizzes.swift in Sources */,
				FF593201248E82F5000B1FD7 /* StringExtension.swift in Sources */,
				FFA11FFF2468B0BF007C6F7D /* CustomQuizView.swift in Sources */,
				FFC0213F246B4305003C68AE /* SettingsViewController.swift in Sources */,
				FF9C8425248FE1890098FA96 /* ScrollableQuizView.swift in Sources */,
			);
			runOnlyForDeploymentPostprocessing = 0;
		};
/* End PBXSourcesBuildPhase section */

/* Begin XCBuildConfiguration section */
		FF84A0FB24546498005D1E21 /* Debug */ = {
			isa = XCBuildConfiguration;
			buildSettings = {
				ALWAYS_SEARCH_USER_PATHS = NO;
				CLANG_ANALYZER_NONNULL = YES;
				CLANG_ANALYZER_NUMBER_OBJECT_CONVERSION = YES_AGGRESSIVE;
				CLANG_CXX_LANGUAGE_STANDARD = "gnu++14";
				CLANG_CXX_LIBRARY = "libc++";
				CLANG_ENABLE_MODULES = YES;
				CLANG_ENABLE_OBJC_ARC = YES;
				CLANG_ENABLE_OBJC_WEAK = YES;
				CLANG_WARN_BLOCK_CAPTURE_AUTORELEASING = YES;
				CLANG_WARN_BOOL_CONVERSION = YES;
				CLANG_WARN_COMMA = YES;
				CLANG_WARN_CONSTANT_CONVERSION = YES;
				CLANG_WARN_DEPRECATED_OBJC_IMPLEMENTATIONS = YES;
				CLANG_WARN_DIRECT_OBJC_ISA_USAGE = YES_ERROR;
				CLANG_WARN_DOCUMENTATION_COMMENTS = YES;
				CLANG_WARN_EMPTY_BODY = YES;
				CLANG_WARN_ENUM_CONVERSION = YES;
				CLANG_WARN_INFINITE_RECURSION = YES;
				CLANG_WARN_INT_CONVERSION = YES;
				CLANG_WARN_NON_LITERAL_NULL_CONVERSION = YES;
				CLANG_WARN_OBJC_IMPLICIT_RETAIN_SELF = YES;
				CLANG_WARN_OBJC_LITERAL_CONVERSION = YES;
				CLANG_WARN_OBJC_ROOT_CLASS = YES_ERROR;
				CLANG_WARN_RANGE_LOOP_ANALYSIS = YES;
				CLANG_WARN_STRICT_PROTOTYPES = YES;
				CLANG_WARN_SUSPICIOUS_MOVE = YES;
				CLANG_WARN_UNGUARDED_AVAILABILITY = YES_AGGRESSIVE;
				CLANG_WARN_UNREACHABLE_CODE = YES;
				CLANG_WARN__DUPLICATE_METHOD_MATCH = YES;
				COPY_PHASE_STRIP = NO;
				DEBUG_INFORMATION_FORMAT = dwarf;
				ENABLE_STRICT_OBJC_MSGSEND = YES;
				ENABLE_TESTABILITY = YES;
				GCC_C_LANGUAGE_STANDARD = gnu11;
				GCC_DYNAMIC_NO_PIC = NO;
				GCC_NO_COMMON_BLOCKS = YES;
				GCC_OPTIMIZATION_LEVEL = 0;
				GCC_PREPROCESSOR_DEFINITIONS = (
					"DEBUG=1",
					"$(inherited)",
				);
				GCC_WARN_64_TO_32_BIT_CONVERSION = YES;
				GCC_WARN_ABOUT_RETURN_TYPE = YES_ERROR;
				GCC_WARN_UNDECLARED_SELECTOR = YES;
				GCC_WARN_UNINITIALIZED_AUTOS = YES_AGGRESSIVE;
				GCC_WARN_UNUSED_FUNCTION = YES;
				GCC_WARN_UNUSED_VARIABLE = YES;
				IPHONEOS_DEPLOYMENT_TARGET = 13.4;
				MTL_ENABLE_DEBUG_INFO = INCLUDE_SOURCE;
				MTL_FAST_MATH = YES;
				ONLY_ACTIVE_ARCH = YES;
				SDKROOT = iphoneos;
				SWIFT_ACTIVE_COMPILATION_CONDITIONS = DEBUG;
				SWIFT_OPTIMIZATION_LEVEL = "-Onone";
			};
			name = Debug;
		};
		FF84A0FC24546498005D1E21 /* Release */ = {
			isa = XCBuildConfiguration;
			buildSettings = {
				ALWAYS_SEARCH_USER_PATHS = NO;
				CLANG_ANALYZER_NONNULL = YES;
				CLANG_ANALYZER_NUMBER_OBJECT_CONVERSION = YES_AGGRESSIVE;
				CLANG_CXX_LANGUAGE_STANDARD = "gnu++14";
				CLANG_CXX_LIBRARY = "libc++";
				CLANG_ENABLE_MODULES = YES;
				CLANG_ENABLE_OBJC_ARC = YES;
				CLANG_ENABLE_OBJC_WEAK = YES;
				CLANG_WARN_BLOCK_CAPTURE_AUTORELEASING = YES;
				CLANG_WARN_BOOL_CONVERSION = YES;
				CLANG_WARN_COMMA = YES;
				CLANG_WARN_CONSTANT_CONVERSION = YES;
				CLANG_WARN_DEPRECATED_OBJC_IMPLEMENTATIONS = YES;
				CLANG_WARN_DIRECT_OBJC_ISA_USAGE = YES_ERROR;
				CLANG_WARN_DOCUMENTATION_COMMENTS = YES;
				CLANG_WARN_EMPTY_BODY = YES;
				CLANG_WARN_ENUM_CONVERSION = YES;
				CLANG_WARN_INFINITE_RECURSION = YES;
				CLANG_WARN_INT_CONVERSION = YES;
				CLANG_WARN_NON_LITERAL_NULL_CONVERSION = YES;
				CLANG_WARN_OBJC_IMPLICIT_RETAIN_SELF = YES;
				CLANG_WARN_OBJC_LITERAL_CONVERSION = YES;
				CLANG_WARN_OBJC_ROOT_CLASS = YES_ERROR;
				CLANG_WARN_RANGE_LOOP_ANALYSIS = YES;
				CLANG_WARN_STRICT_PROTOTYPES = YES;
				CLANG_WARN_SUSPICIOUS_MOVE = YES;
				CLANG_WARN_UNGUARDED_AVAILABILITY = YES_AGGRESSIVE;
				CLANG_WARN_UNREACHABLE_CODE = YES;
				CLANG_WARN__DUPLICATE_METHOD_MATCH = YES;
				COPY_PHASE_STRIP = NO;
				DEBUG_INFORMATION_FORMAT = "dwarf-with-dsym";
				ENABLE_NS_ASSERTIONS = NO;
				ENABLE_STRICT_OBJC_MSGSEND = YES;
				GCC_C_LANGUAGE_STANDARD = gnu11;
				GCC_NO_COMMON_BLOCKS = YES;
				GCC_WARN_64_TO_32_BIT_CONVERSION = YES;
				GCC_WARN_ABOUT_RETURN_TYPE = YES_ERROR;
				GCC_WARN_UNDECLARED_SELECTOR = YES;
				GCC_WARN_UNINITIALIZED_AUTOS = YES_AGGRESSIVE;
				GCC_WARN_UNUSED_FUNCTION = YES;
				GCC_WARN_UNUSED_VARIABLE = YES;
				IPHONEOS_DEPLOYMENT_TARGET = 13.4;
				MTL_ENABLE_DEBUG_INFO = NO;
				MTL_FAST_MATH = YES;
				SDKROOT = iphoneos;
				SWIFT_COMPILATION_MODE = wholemodule;
				SWIFT_OPTIMIZATION_LEVEL = "-O";
				VALIDATE_PRODUCT = YES;
			};
			name = Release;
		};
		FF84A0FE24546498005D1E21 /* Debug */ = {
			isa = XCBuildConfiguration;
			baseConfigurationReference = 91482F4790CA92A3E4EEAB07 /* Pods-QuizApp.debug.xcconfig */;
			buildSettings = {
				ASSETCATALOG_COMPILER_APPICON_NAME = AppIcon;
				CODE_SIGN_STYLE = Automatic;
				DEVELOPMENT_TEAM = 7469ZTA6YS;
				INFOPLIST_FILE = QuizApp/Info.plist;
				IPHONEOS_DEPLOYMENT_TARGET = 12.4;
				LD_RUNPATH_SEARCH_PATHS = (
					"$(inherited)",
					"@executable_path/Frameworks",
				);
				PRODUCT_BUNDLE_IDENTIFIER = c.QuizApp;
				PRODUCT_NAME = "$(TARGET_NAME)";
				SWIFT_VERSION = 5.0;
				TARGETED_DEVICE_FAMILY = "1,2";
			};
			name = Debug;
		};
		FF84A0FF24546498005D1E21 /* Release */ = {
			isa = XCBuildConfiguration;
			baseConfigurationReference = FE19BE61B7ECFE582EB67664 /* Pods-QuizApp.release.xcconfig */;
			buildSettings = {
				ASSETCATALOG_COMPILER_APPICON_NAME = AppIcon;
				CODE_SIGN_STYLE = Automatic;
				DEVELOPMENT_TEAM = 7469ZTA6YS;
				INFOPLIST_FILE = QuizApp/Info.plist;
				IPHONEOS_DEPLOYMENT_TARGET = 12.4;
				LD_RUNPATH_SEARCH_PATHS = (
					"$(inherited)",
					"@executable_path/Frameworks",
				);
				PRODUCT_BUNDLE_IDENTIFIER = c.QuizApp;
				PRODUCT_NAME = "$(TARGET_NAME)";
				SWIFT_VERSION = 5.0;
				TARGETED_DEVICE_FAMILY = "1,2";
			};
			name = Release;
		};
/* End XCBuildConfiguration section */

/* Begin XCConfigurationList section */
		FF84A0E424546494005D1E21 /* Build configuration list for PBXProject "QuizApp" */ = {
			isa = XCConfigurationList;
			buildConfigurations = (
				FF84A0FB24546498005D1E21 /* Debug */,
				FF84A0FC24546498005D1E21 /* Release */,
			);
			defaultConfigurationIsVisible = 0;
			defaultConfigurationName = Release;
		};
		FF84A0FD24546498005D1E21 /* Build configuration list for PBXNativeTarget "QuizApp" */ = {
			isa = XCConfigurationList;
			buildConfigurations = (
				FF84A0FE24546498005D1E21 /* Debug */,
				FF84A0FF24546498005D1E21 /* Release */,
			);
			defaultConfigurationIsVisible = 0;
			defaultConfigurationName = Release;
		};
/* End XCConfigurationList section */
	};
	rootObject = FF84A0E124546494005D1E21 /* Project object */;
}
